
Microsoft Visual Studio Solution File, Format Version 11.00
# Visual C++ Express 2010
Project("{8BC9CEB8-8B4A-11D0-8D11-00A0C91BC942}") = "CRF", "CRF\CRF.vcxproj", "{0463C416-B3D7-4396-B280-6B4E520895AE}"
EndProject
Global
	GlobalSection(SolutionConfigurationPlatforms) = preSolution
		Debug|Win32 = Debug|Win32
		Release|Win32 = Release|Win32
	EndGlobalSection
	GlobalSection(ProjectConfigurationPlatforms) = postSolution
		{0463C416-B3D7-4396-B280-6B4E520895AE}.Debug|Win32.ActiveCfg = Debug|Win32
		{0463C416-B3D7-4396-B280-6B4E520895AE}.Debug|Win32.Build.0 = Debug|Win32
		{0463C416-B3D7-4396-B280-6B4E520895AE}.Release|Win32.ActiveCfg = Release|Win32
		{0463C416-B3D7-4396-B280-6B4E520895AE}.Release|Win32.Build.0 = Release|Win32
	EndGlobalSection
	GlobalSection(SolutionProperties) = preSolution
		HideSolutionNode = FALSE
	EndGlobalSection
EndGlobal
